# THIS IS AN AUTOGENERATED FILE. DO NOT EDIT THIS FILE DIRECTLY.
# yarn lockfile v1


"@assemblyscript/loader@^0.20.1":
  version "0.20.1"
  resolved "https://registry.yarnpkg.com/@assemblyscript/loader/-/loader-0.20.1.tgz#c37ec74ce79104dfdb4902430834c02fbad51e41"
  integrity sha512-Dgxzw2D34g8hmbo88OD81v+7514CzXB0RdZv5Pyln5fBfl4/kRN2beTDOrdMkcRD7sTJInBHZVp3M9WkDEPZ7w==
